
Microsoft Visual Studio Solution File, Format Version 12.00
# Visual Studio Version 17
VisualStudioVersion = 17.14.36401.2
MinimumVisualStudioVersion = 10.0.40219.1
Project("{2150E333-8FDC-42A3-9474-1A3956D46DE8}") = "Solution Items", "Solution Items", "{8EC462FD-D22E-90A8-E5CE-7E832BA40C5D}"
	ProjectSection(SolutionItems) = preProject
		..\README.md = ..\README.md
	EndProjectSection
EndProject
Project("{FAE04EC0-301F-11D3-BF4B-00C04F79EFBC}") = "Project_52_1", "Project_52_1\Project_52_1.csproj", "{D7C200AF-FD33-42F5-B221-793588AA9762}"
EndProject
Project("{FAE04EC0-301F-11D3-BF4B-00C04F79EFBC}") = "Project_52_2", "Project_52_2\Project_52_2.csproj", "{899F1B6E-B124-4847-8392-B61827499BD0}"
EndProject
Global
	GlobalSection(SolutionConfigurationPlatforms) = preSolution
		Debug|Any CPU = Debug|Any CPU
		Release|Any CPU = Release|Any CPU
	EndGlobalSection
	GlobalSection(ProjectConfigurationPlatforms) = postSolution
		{D7C200AF-FD33-42F5-B221-793588AA9762}.Debug|Any CPU.ActiveCfg = Debug|Any CPU
		{D7C200AF-FD33-42F5-B221-793588AA9762}.Debug|Any CPU.Build.0 = Debug|Any CPU
		{D7C200AF-FD33-42F5-B221-793588AA9762}.Release|Any CPU.ActiveCfg = Release|Any CPU
		{D7C200AF-FD33-42F5-B221-793588AA9762}.Release|Any CPU.Build.0 = Release|Any CPU
		{899F1B6E-B124-4847-8392-B61827499BD0}.Debug|Any CPU.ActiveCfg = Debug|Any CPU
		{899F1B6E-B124-4847-8392-B61827499BD0}.Debug|Any CPU.Build.0 = Debug|Any CPU
		{899F1B6E-B124-4847-8392-B61827499BD0}.Release|Any CPU.ActiveCfg = Release|Any CPU
		{899F1B6E-B124-4847-8392-B61827499BD0}.Release|Any CPU.Build.0 = Release|Any CPU
	EndGlobalSection
	GlobalSection(SolutionProperties) = preSolution
		HideSolutionNode = FALSE
	EndGlobalSection
	GlobalSection(NestedProjects) = preSolution
		{D7C200AF-FD33-42F5-B221-793588AA9762} = {8EC462FD-D22E-90A8-E5CE-7E832BA40C5D}
		{899F1B6E-B124-4847-8392-B61827499BD0} = {8EC462FD-D22E-90A8-E5CE-7E832BA40C5D}
	EndGlobalSection
	GlobalSection(ExtensibilityGlobals) = postSolution
		SolutionGuid = {055B6748-B4BE-49E2-8283-6968A96C8B70}
	EndGlobalSection
EndGlobal
